
Microsoft Visual Studio Solution File, Format Version 12.00
# Visual Studio Version 17
VisualStudioVersion = 17.9.34902.65
MinimumVisualStudioVersion = 10.0.40219.1
Project("{2150E333-8FDC-42A3-9474-1A3956D46DE8}") = "src", "src", "{F2CF6FF7-0F59-4ABB-9E84-B55E68BD9AB8}"
EndProject
Project("{2150E333-8FDC-42A3-9474-1A3956D46DE8}") = "tests", "tests", "{734EDFB2-0BED-4955-ADA0-0E31242D75FE}"
EndProject
Project("{FAE04EC0-301F-11D3-BF4B-00C04F79EFBC}") = "eTable.API", "src\eTable.API\eTable.API.csproj", "{DC7EA822-2499-4772-BD78-64ABD7AB0A52}"
EndProject
Global
	GlobalSection(SolutionConfigurationPlatforms) = preSolution
		Debug|Any CPU = Debug|Any CPU
		Release|Any CPU = Release|Any CPU
	EndGlobalSection
	GlobalSection(ProjectConfigurationPlatforms) = postSolution
		{DC7EA822-2499-4772-BD78-64ABD7AB0A52}.Debug|Any CPU.ActiveCfg = Debug|Any CPU
		{DC7EA822-2499-4772-BD78-64ABD7AB0A52}.Debug|Any CPU.Build.0 = Debug|Any CPU
		{DC7EA822-2499-4772-BD78-64ABD7AB0A52}.Release|Any CPU.ActiveCfg = Release|Any CPU
		{DC7EA822-2499-4772-BD78-64ABD7AB0A52}.Release|Any CPU.Build.0 = Release|Any CPU
	EndGlobalSection
	GlobalSection(SolutionProperties) = preSolution
		HideSolutionNode = FALSE
	EndGlobalSection
	GlobalSection(NestedProjects) = preSolution
		{DC7EA822-2499-4772-BD78-64ABD7AB0A52} = {F2CF6FF7-0F59-4ABB-9E84-B55E68BD9AB8}
	EndGlobalSection
	GlobalSection(ExtensibilityGlobals) = postSolution
		SolutionGuid = {5D4411ED-45AA-42BC-B71D-E73C3768BA62}
	EndGlobalSection
EndGlobal
